
Microsoft Visual Studio Solution File, Format Version 12.00
# Visual Studio Version 17
VisualStudioVersion = 17.14.37216.2 d17.14
MinimumVisualStudioVersion = 10.0.40219.1
Project("{FAE04EC0-301F-11D3-BF4B-00C04F79EFBC}") = "HomeDesigner", "HomeDesigner.csproj", "{3B34182E-F259-496A-9393-78AD8C573BCE}"
EndProject
Global
	GlobalSection(SolutionConfigurationPlatforms) = preSolution
		Debug|Any CPU = Debug|Any CPU
		Release|Any CPU = Release|Any CPU
	EndGlobalSection
	GlobalSection(ProjectConfigurationPlatforms) = postSolution
		{3B34182E-F259-496A-9393-78AD8C573BCE}.Debug|Any CPU.ActiveCfg = Debug|Any CPU
		{3B34182E-F259-496A-9393-78AD8C573BCE}.Debug|Any CPU.Build.0 = Debug|Any CPU
		{3B34182E-F259-496A-9393-78AD8C573BCE}.Release|Any CPU.ActiveCfg = Release|Any CPU
		{3B34182E-F259-496A-9393-78AD8C573BCE}.Release|Any CPU.Build.0 = Release|Any CPU
	EndGlobalSection
	GlobalSection(SolutionProperties) = preSolution
		HideSolutionNode = FALSE
	EndGlobalSection
	GlobalSection(ExtensibilityGlobals) = postSolution
		SolutionGuid = {D6463B5F-8F5E-48C3-B0C7-465CCFB603D0}
	EndGlobalSection
EndGlobal
